lockfileVersion: 5.3

specifiers:
  '@babel/parser': ^7.17.10
  '@babel/traverse': ^7.17.10
  ejs: ^3.1.8

dependencies:
  '@babel/parser': 7.17.10
  '@babel/traverse': 7.17.10
  ejs: 3.1.8

packages:

  /@babel/code-frame/7.16.7:
    resolution: {integrity: sha512-iAXqUn8IIeBTNd72xsFlgaXHkMBMt6y4HJp1tIaK465CWLT/fG1aqB7ykr95gHHmlBdGbFeWWfyB4NJJ0nmeIg==}
    engines: {node: '>=6.9.0'}
    dependencies:
      '@babel/highlight': 7.17.9
    dev: false

  /@babel/generator/7.17.10:
    resolution: {integrity: sha512-46MJZZo9y3o4kmhBVc7zW7i8dtR1oIK/sdO5NcfcZRhTGYi+KKJRtHNgsU6c4VUcJmUNV/LQdebD/9Dlv4K+Tg==}
    engines: {node: '>=6.9.0'}
    dependencies:
      '@babel/types': 7.17.10
      '@jridgewell/gen-mapping': 0.1.1
      jsesc: 2.5.2
    dev: false

  /@babel/helper-environment-visitor/7.16.7:
    resolution: {integrity: sha512-SLLb0AAn6PkUeAfKJCCOl9e1R53pQlGAfc4y4XuMRZfqeMYLE0dM1LMhqbGAlGQY0lfw5/ohoYWAe9V1yibRag==}
    engines: {node: '>=6.9.0'}
    dependencies:
      '@babel/types': 7.17.10
    dev: false

  /@babel/helper-function-name/7.17.9:
    resolution: {integrity: sha512-7cRisGlVtiVqZ0MW0/yFB4atgpGLWEHUVYnb448hZK4x+vih0YO5UoS11XIYtZYqHd0dIPMdUSv8q5K4LdMnIg==}
    engines: {node: '>=6.9.0'}
    dependencies:
      '@babel/template': 7.16.7
      '@babel/types': 7.17.10
    dev: false

  /@babel/helper-hoist-variables/7.16.7:
    resolution: {integrity: sha512-m04d/0Op34H5v7pbZw6pSKP7weA6lsMvfiIAMeIvkY/R4xQtBSMFEigu9QTZ2qB/9l22vsxtM8a+Q8CzD255fg==}
    engines: {node: '>=6.9.0'}
    dependencies:
      '@babel/types': 7.17.10
    dev: false

  /@babel/helper-split-export-declaration/7.16.7:
    resolution: {integrity: sha512-xbWoy/PFoxSWazIToT9Sif+jJTlrMcndIsaOKvTA6u7QEo7ilkRZpjew18/W3c7nm8fXdUDXh02VXTbZ0pGDNw==}
    engines: {node: '>=6.9.0'}
    dependencies:
      '@babel/types': 7.17.10
    dev: false

  /@babel/helper-validator-identifier/7.16.7:
    resolution: {integrity: sha512-hsEnFemeiW4D08A5gUAZxLBTXpZ39P+a+DGDsHw1yxqyQ/jzFEnxf5uTEGp+3bzAbNOxU1paTgYS4ECU/IgfDw==}
    engines: {node: '>=6.9.0'}
    dev: false

  /@babel/highlight/7.17.9:
    resolution: {integrity: sha512-J9PfEKCbFIv2X5bjTMiZu6Vf341N05QIY+d6FvVKynkG1S7G0j3I0QoRtWIrXhZ+/Nlb5Q0MzqL7TokEJ5BNHg==}
    engines: {node: '>=6.9.0'}
    dependencies:
      '@babel/helper-validator-identifier': 7.16.7
      chalk: 2.4.2
      js-tokens: 4.0.0
    dev: false

  /@babel/parser/7.17.10:
    resolution: {integrity: sha512-n2Q6i+fnJqzOaq2VkdXxy2TCPCWQZHiCo0XqmrCvDWcZQKRyZzYi4Z0yxlBuN0w+r2ZHmre+Q087DSrw3pbJDQ==}
    engines: {node: '>=6.0.0'}
    hasBin: true
    dev: false

  /@babel/template/7.16.7:
    resolution: {integrity: sha512-I8j/x8kHUrbYRTUxXrrMbfCa7jxkE7tZre39x3kjr9hvI82cK1FfqLygotcWN5kdPGWcLdWMHpSBavse5tWw3w==}
    engines: {node: '>=6.9.0'}
    dependencies:
      '@babel/code-frame': 7.16.7
      '@babel/parser': 7.17.10
      '@babel/types': 7.17.10
    dev: false

  /@babel/traverse/7.17.10:
    resolution: {integrity: sha512-VmbrTHQteIdUUQNTb+zE12SHS/xQVIShmBPhlNP12hD5poF2pbITW1Z4172d03HegaQWhLffdkRJYtAzp0AGcw==}
    engines: {node: '>=6.9.0'}
    dependencies:
      '@babel/code-frame': 7.16.7
      '@babel/generator': 7.17.10
      '@babel/helper-environment-visitor': 7.16.7
      '@babel/helper-function-name': 7.17.9
      '@babel/helper-hoist-variables': 7.16.7
      '@babel/helper-split-export-declaration': 7.16.7
      '@babel/parser': 7.17.10
      '@babel/types': 7.17.10
      debug: 4.3.4
      globals: 11.12.0
    transitivePeerDependencies:
      - supports-color
    dev: false

  /@babel/types/7.17.10:
    resolution: {integrity: sha512-9O26jG0mBYfGkUYCYZRnBwbVLd1UZOICEr2Em6InB6jVfsAv1GKgwXHmrSg+WFWDmeKTA6vyTZiN8tCSM5Oo3A==}
    engines: {node: '>=6.9.0'}
    dependencies:
      '@babel/helper-validator-identifier': 7.16.7
      to-fast-properties: 2.0.0
    dev: false

  /@jridgewell/gen-mapping/0.1.1:
    resolution: {integrity: sha512-sQXCasFk+U8lWYEe66WxRDOE9PjVz4vSM51fTu3Hw+ClTpUSQb718772vH3pyS5pShp6lvQM7SxgIDXXXmOX7w==}
    engines: {node: '>=6.0.0'}
    dependencies:
      '@jridgewell/set-array': 1.1.1
      '@jridgewell/sourcemap-codec': 1.4.13
    dev: false

  /@jridgewell/set-array/1.1.1:
    resolution: {integrity: sha512-Ct5MqZkLGEXTVmQYbGtx9SVqD2fqwvdubdps5D3djjAkgkKwT918VNOz65pEHFaYTeWcukmJmH5SwsA9Tn2ObQ==}
    engines: {node: '>=6.0.0'}
    dev: false

  /@jridgewell/sourcemap-codec/1.4.13:
    resolution: {integrity: sha512-GryiOJmNcWbovBxTfZSF71V/mXbgcV3MewDe3kIMCLyIh5e7SKAeUZs+rMnJ8jkMolZ/4/VsdBmMrw3l+VdZ3w==}
    dev: false

  /ansi-styles/3.2.1:
    resolution: {integrity: sha512-VT0ZI6kZRdTh8YyJw3SMbYm/u+NqfsAxEpWO0Pf9sq8/e94WxxOpPKx9FR1FlyCtOVDNOQ+8ntlqFxiRc+r5qA==}
    engines: {node: '>=4'}
    dependencies:
      color-convert: 1.9.3
    dev: false

  /ansi-styles/4.3.0:
    resolution: {integrity: sha512-zbB9rCJAT1rbjiVDb2hqKFHNYLxgtk8NURxZ3IZwD3F6NtxbXZQCnnSi1Lkx+IDohdPlFp222wVALIheZJQSEg==}
    engines: {node: '>=8'}
    dependencies:
      color-convert: 2.0.1
    dev: false

  /async/3.2.3:
    resolution: {integrity: sha512-spZRyzKL5l5BZQrr/6m/SqFdBN0q3OCI0f9rjfBzCMBIP4p75P620rR3gTmaksNOhmzgdxcaxdNfMy6anrbM0g==}
    dev: false

  /balanced-match/1.0.2:
    resolution: {integrity: sha512-3oSeUO0TMV67hN1AmbXsK4yaqU7tjiHlbxRDZOpH0KW9+CeX4bRAaX0Anxt0tx2MrpRpWwQaPwIlISEJhYU5Pw==}
    dev: false

  /brace-expansion/1.1.11:
    resolution: {integrity: sha512-iCuPHDFgrHX7H2vEI/5xpz07zSHB00TpugqhmYtVmMO6518mCuRMoOYFldEBl0g187ufozdaHgWKcYFb61qGiA==}
    dependencies:
      balanced-match: 1.0.2
      concat-map: 0.0.1
    dev: false

  /brace-expansion/2.0.1:
    resolution: {integrity: sha512-XnAIvQ8eM+kC6aULx6wuQiwVsnzsi9d3WxzV3FpWTGA19F621kwdbsAcFKXgKUHZWsy+mY6iL1sHTxWEFCytDA==}
    dependencies:
      balanced-match: 1.0.2
    dev: false

  /chalk/2.4.2:
    resolution: {integrity: sha512-Mti+f9lpJNcwF4tWV8/OrTTtF1gZi+f8FqlyAdouralcFWFQWF2+NgCHShjkCb+IFBLq9buZwE1xckQU4peSuQ==}
    engines: {node: '>=4'}
    dependencies:
      ansi-styles: 3.2.1
      escape-string-regexp: 1.0.5
      supports-color: 5.5.0
    dev: false

  /chalk/4.1.2:
    resolution: {integrity: sha512-oKnbhFyRIXpUuez8iBMmyEa4nbj4IOQyuhc/wy9kY7/WVPcwIO9VA668Pu8RkO7+0G76SLROeyw9CpQ061i4mA==}
    engines: {node: '>=10'}
    dependencies:
      ansi-styles: 4.3.0
      supports-color: 7.2.0
    dev: false

  /color-convert/1.9.3:
    resolution: {integrity: sha512-QfAUtd+vFdAtFQcC8CCyYt1fYWxSqAiK2cSD6zDB8N3cpsEBAvRxp9zOGg6G/SHHJYAT88/az/IuDGALsNVbGg==}
    dependencies:
      color-name: 1.1.3
    dev: false

  /color-convert/2.0.1:
    resolution: {integrity: sha512-RRECPsj7iu/xb5oKYcsFHSppFNnsj/52OVTRKb4zP5onXwVF3zVmmToNcOfGC+CRDpfK/U584fMg38ZHCaElKQ==}
    engines: {node: '>=7.0.0'}
    dependencies:
      color-name: 1.1.4
    dev: false

  /color-name/1.1.3:
    resolution: {integrity: sha512-72fSenhMw2HZMTVHeCA9KCmpEIbzWiQsjN+BHcBbS9vr1mtt+vJjPdksIBNUmKAW8TFUDPJK5SUU3QhE9NEXDw==}
    dev: false

  /color-name/1.1.4:
    resolution: {integrity: sha512-dOy+3AuW3a2wNbZHIuMZpTcgjGuLU/uBL/ubcZF9OXbDo8ff4O8yVp5Bf0efS8uEoYo5q4Fx7dY9OgQGXgAsQA==}
    dev: false

  /concat-map/0.0.1:
    resolution: {integrity: sha512-/Srv4dswyQNBfohGpz9o6Yb3Gz3SrUDqBH5rTuhGR7ahtlbYKnVxw2bCFMRljaA7EXHaXZ8wsHdodFvbkhKmqg==}
    dev: false

  /debug/4.3.4:
    resolution: {integrity: sha512-PRWFHuSU3eDtQJPvnNY7Jcket1j0t5OuOsFzPPzsekD52Zl8qUfFIPEiswXqIvHWGVHOgX+7G/vCNNhehwxfkQ==}
    engines: {node: '>=6.0'}
    peerDependencies:
      supports-color: '*'
    peerDependenciesMeta:
      supports-color:
        optional: true
    dependencies:
      ms: 2.1.2
    dev: false

  /ejs/3.1.8:
    resolution: {integrity: sha512-/sXZeMlhS0ArkfX2Aw780gJzXSMPnKjtspYZv+f3NiKLlubezAHDU5+9xz6gd3/NhG3txQCo6xlglmTS+oTGEQ==}
    engines: {node: '>=0.10.0'}
    hasBin: true
    dependencies:
      jake: 10.8.5
    dev: false

  /escape-string-regexp/1.0.5:
    resolution: {integrity: sha512-vbRorB5FUQWvla16U8R/qgaFIya2qGzwDrNmCZuYKrbdSUMG6I1ZCGQRefkRVhuOkIGVne7BQ35DSfo1qvJqFg==}
    engines: {node: '>=0.8.0'}
    dev: false

  /filelist/1.0.4:
    resolution: {integrity: sha512-w1cEuf3S+DrLCQL7ET6kz+gmlJdbq9J7yXCSjK/OZCPA+qEN1WyF4ZAf0YYJa4/shHJra2t/d/r8SV4Ji+x+8Q==}
    dependencies:
      minimatch: 5.0.1
    dev: false

  /globals/11.12.0:
    resolution: {integrity: sha512-WOBp/EEGUiIsJSp7wcv/y6MO+lV9UoncWqxuFfm8eBwzWNgyfBd6Gz+IeKQ9jCmyhoH99g15M3T+QaVHFjizVA==}
    engines: {node: '>=4'}
    dev: false

  /has-flag/3.0.0:
    resolution: {integrity: sha512-sKJf1+ceQBr4SMkvQnBDNDtf4TXpVhVGateu0t918bl30FnbE2m4vNLX+VWe/dpjlb+HugGYzW7uQXH98HPEYw==}
    engines: {node: '>=4'}
    dev: false

  /has-flag/4.0.0:
    resolution: {integrity: sha512-EykJT/Q1KjTWctppgIAgfSO0tKVuZUjhgMr17kqTumMl6Afv3EISleU7qZUzoXDFTAHTDC4NOoG/ZxU3EvlMPQ==}
    engines: {node: '>=8'}
    dev: false

  /jake/10.8.5:
    resolution: {integrity: sha512-sVpxYeuAhWt0OTWITwT98oyV0GsXyMlXCF+3L1SuafBVUIr/uILGRB+NqwkzhgXKvoJpDIpQvqkUALgdmQsQxw==}
    engines: {node: '>=10'}
    hasBin: true
    dependencies:
      async: 3.2.3
      chalk: 4.1.2
      filelist: 1.0.4
      minimatch: 3.1.2
    dev: false

  /js-tokens/4.0.0:
    resolution: {integrity: sha512-RdJUflcE3cUzKiMqQgsCu06FPu9UdIJO0beYbPhHN4k6apgJtifcoCtT9bcxOpYBtpD2kCM6Sbzg4CausW/PKQ==}
    dev: false

  /jsesc/2.5.2:
    resolution: {integrity: sha512-OYu7XEzjkCQ3C5Ps3QIZsQfNpqoJyZZA99wd9aWd05NCtC5pWOkShK2mkL6HXQR6/Cy2lbNdPlZBpuQHXE63gA==}
    engines: {node: '>=4'}
    hasBin: true
    dev: false

  /minimatch/3.1.2:
    resolution: {integrity: sha512-J7p63hRiAjw1NDEww1W7i37+ByIrOWO5XQQAzZ3VOcL0PNybwpfmV/N05zFAzwQ9USyEcX6t3UO+K5aqBQOIHw==}
    dependencies:
      brace-expansion: 1.1.11
    dev: false

  /minimatch/5.0.1:
    resolution: {integrity: sha512-nLDxIFRyhDblz3qMuq+SoRZED4+miJ/G+tdDrjkkkRnjAsBexeGpgjLEQ0blJy7rHhR2b93rhQY4SvyWu9v03g==}
    engines: {node: '>=10'}
    dependencies:
      brace-expansion: 2.0.1
    dev: false

  /ms/2.1.2:
    resolution: {integrity: sha512-sGkPx+VjMtmA6MX27oA4FBFELFCZZ4S4XqeGOXCv68tT+jb3vk/RyaKWP0PTKyWtmLSM0b+adUTEvbs1PEaH2w==}
    dev: false

  /supports-color/5.5.0:
    resolution: {integrity: sha512-QjVjwdXIt408MIiAqCX4oUKsgU2EqAGzs2Ppkm4aQYbjm+ZEWEcW4SfFNTr4uMNZma0ey4f5lgLrkB0aX0QMow==}
    engines: {node: '>=4'}
    dependencies:
      has-flag: 3.0.0
    dev: false

  /supports-color/7.2.0:
    resolution: {integrity: sha512-qpCAvRl9stuOHveKsn7HncJRvv501qIacKzQlO/+Lwxc9+0q2wLyv4Dfvt80/DPn2pqOBsJdDiogXGR9+OvwRw==}
    engines: {node: '>=8'}
    dependencies:
      has-flag: 4.0.0
    dev: false

  /to-fast-properties/2.0.0:
    resolution: {integrity: sha512-/OaKK0xYrs3DmxRYqL/yDc+FxFUVYhDlXMhRmv3z915w2HF1tnN1omB354j8VUGO/hbRzyD6Y3sA7v7GS/ceog==}
    engines: {node: '>=4'}
    dev: false
